
Microsoft Visual Studio Solution File, Format Version 12.00
# Visual Studio Version 17
VisualStudioVersion = 17.1.32414.318
MinimumVisualStudioVersion = 10.0.40219.1
Project("{9A19103F-16F7-4668-BE54-9A1E7A4F7556}") = "Logic", "Logic\Logic.csproj", "{0B520DD6-5D7A-49E7-B6D5-252B4CA4215A}"
EndProject
Project("{9A19103F-16F7-4668-BE54-9A1E7A4F7556}") = "LogicTest", "LogicTest\LogicTest.csproj", "{4F2B7475-DAD1-43D5-A63F-70AE1A9DC642}"
EndProject
Project("{FAE04EC0-301F-11D3-BF4B-00C04F79EFBC}") = "Data", "Data\Data.csproj", "{35F5C65B-8C7E-433D-ACDA-3414FDE8408F}"
EndProject
Global
	GlobalSection(SolutionConfigurationPlatforms) = preSolution
		Debug|Any CPU = Debug|Any CPU
		Release|Any CPU = Release|Any CPU
	EndGlobalSection
	GlobalSection(ProjectConfigurationPlatforms) = postSolution
		{0B520DD6-5D7A-49E7-B6D5-252B4CA4215A}.Debug|Any CPU.ActiveCfg = Debug|Any CPU
		{0B520DD6-5D7A-49E7-B6D5-252B4CA4215A}.Debug|Any CPU.Build.0 = Debug|Any CPU
		{0B520DD6-5D7A-49E7-B6D5-252B4CA4215A}.Release|Any CPU.ActiveCfg = Release|Any CPU
		{0B520DD6-5D7A-49E7-B6D5-252B4CA4215A}.Release|Any CPU.Build.0 = Release|Any CPU
		{4F2B7475-DAD1-43D5-A63F-70AE1A9DC642}.Debug|Any CPU.ActiveCfg = Debug|Any CPU
		{4F2B7475-DAD1-43D5-A63F-70AE1A9DC642}.Debug|Any CPU.Build.0 = Debug|Any CPU
		{4F2B7475-DAD1-43D5-A63F-70AE1A9DC642}.Release|Any CPU.ActiveCfg = Release|Any CPU
		{4F2B7475-DAD1-43D5-A63F-70AE1A9DC642}.Release|Any CPU.Build.0 = Release|Any CPU
		{35F5C65B-8C7E-433D-ACDA-3414FDE8408F}.Debug|Any CPU.ActiveCfg = Debug|Any CPU
		{35F5C65B-8C7E-433D-ACDA-3414FDE8408F}.Debug|Any CPU.Build.0 = Debug|Any CPU
		{35F5C65B-8C7E-433D-ACDA-3414FDE8408F}.Release|Any CPU.ActiveCfg = Release|Any CPU
		{35F5C65B-8C7E-433D-ACDA-3414FDE8408F}.Release|Any CPU.Build.0 = Release|Any CPU
	EndGlobalSection
	GlobalSection(SolutionProperties) = preSolution
		HideSolutionNode = FALSE
	EndGlobalSection
	GlobalSection(ExtensibilityGlobals) = postSolution
		SolutionGuid = {D7D793FD-DFC5-4909-B99C-E3EB4FD4644B}
	EndGlobalSection
EndGlobal
