
Microsoft Visual Studio Solution File, Format Version 12.00
# Visual Studio Version 17
VisualStudioVersion = 17.1.32414.318
MinimumVisualStudioVersion = 10.0.40219.1
Project("{2150E333-8FDC-42A3-9474-1A3956D46DE8}") = "DataLayer", "DataLayer", "{F95DC638-3BDF-4153-9133-3F6D0141F875}"
EndProject
Project("{2150E333-8FDC-42A3-9474-1A3956D46DE8}") = "Presentation", "Presentation", "{137F2A64-A6C1-41E5-B9DB-FAE6858C63E0}"
EndProject
Project("{9A19103F-16F7-4668-BE54-9A1E7A4F7556}") = "Data", "Data\Data.csproj", "{0CB53B90-A885-4BE1-9E2B-AC8DD6EA75F0}"
EndProject
Project("{9A19103F-16F7-4668-BE54-9A1E7A4F7556}") = "DataTest", "DataTest\DataTest.csproj", "{C7D870AD-BCFA-4007-A64A-DD2F9BFC16C3}"
EndProject
Project("{2150E333-8FDC-42A3-9474-1A3956D46DE8}") = "LogicLayer", "LogicLayer", "{1418D1D5-43A1-44DE-A60D-40F6B2539814}"
EndProject
Project("{9A19103F-16F7-4668-BE54-9A1E7A4F7556}") = "Logic", "Logic\Logic.csproj", "{6F03A818-DF78-4E24-8F2A-F8CEA07CD7A0}"
EndProject
Project("{9A19103F-16F7-4668-BE54-9A1E7A4F7556}") = "LogicTest", "LogicTest\LogicTest.csproj", "{1D77F3A6-6B50-490F-936D-1009F57DD230}"
EndProject
Project("{9A19103F-16F7-4668-BE54-9A1E7A4F7556}") = "Model", "Model\Model.csproj", "{FD88745C-B173-4D8E-9D01-FF1343D32FD5}"
EndProject
Project("{9A19103F-16F7-4668-BE54-9A1E7A4F7556}") = "ViewModel", "ViewModel\ViewModel.csproj", "{2422D701-D3FD-492F-9E29-51CDE070FF63}"
EndProject
Project("{9A19103F-16F7-4668-BE54-9A1E7A4F7556}") = "View", "View\View.csproj", "{B5D46FEB-1E25-4B22-8FBA-5BE717A9D9E7}"
EndProject
Global
	GlobalSection(SolutionConfigurationPlatforms) = preSolution
		Debug|Any CPU = Debug|Any CPU
		Release|Any CPU = Release|Any CPU
	EndGlobalSection
	GlobalSection(ProjectConfigurationPlatforms) = postSolution
		{0CB53B90-A885-4BE1-9E2B-AC8DD6EA75F0}.Debug|Any CPU.ActiveCfg = Debug|Any CPU
		{0CB53B90-A885-4BE1-9E2B-AC8DD6EA75F0}.Debug|Any CPU.Build.0 = Debug|Any CPU
		{0CB53B90-A885-4BE1-9E2B-AC8DD6EA75F0}.Release|Any CPU.ActiveCfg = Release|Any CPU
		{0CB53B90-A885-4BE1-9E2B-AC8DD6EA75F0}.Release|Any CPU.Build.0 = Release|Any CPU
		{C7D870AD-BCFA-4007-A64A-DD2F9BFC16C3}.Debug|Any CPU.ActiveCfg = Debug|Any CPU
		{C7D870AD-BCFA-4007-A64A-DD2F9BFC16C3}.Debug|Any CPU.Build.0 = Debug|Any CPU
		{C7D870AD-BCFA-4007-A64A-DD2F9BFC16C3}.Release|Any CPU.ActiveCfg = Release|Any CPU
		{C7D870AD-BCFA-4007-A64A-DD2F9BFC16C3}.Release|Any CPU.Build.0 = Release|Any CPU
		{6F03A818-DF78-4E24-8F2A-F8CEA07CD7A0}.Debug|Any CPU.ActiveCfg = Debug|Any CPU
		{6F03A818-DF78-4E24-8F2A-F8CEA07CD7A0}.Debug|Any CPU.Build.0 = Debug|Any CPU
		{6F03A818-DF78-4E24-8F2A-F8CEA07CD7A0}.Release|Any CPU.ActiveCfg = Release|Any CPU
		{6F03A818-DF78-4E24-8F2A-F8CEA07CD7A0}.Release|Any CPU.Build.0 = Release|Any CPU
		{1D77F3A6-6B50-490F-936D-1009F57DD230}.Debug|Any CPU.ActiveCfg = Debug|Any CPU
		{1D77F3A6-6B50-490F-936D-1009F57DD230}.Debug|Any CPU.Build.0 = Debug|Any CPU
		{1D77F3A6-6B50-490F-936D-1009F57DD230}.Release|Any CPU.ActiveCfg = Release|Any CPU
		{1D77F3A6-6B50-490F-936D-1009F57DD230}.Release|Any CPU.Build.0 = Release|Any CPU
		{FD88745C-B173-4D8E-9D01-FF1343D32FD5}.Debug|Any CPU.ActiveCfg = Debug|Any CPU
		{FD88745C-B173-4D8E-9D01-FF1343D32FD5}.Debug|Any CPU.Build.0 = Debug|Any CPU
		{FD88745C-B173-4D8E-9D01-FF1343D32FD5}.Release|Any CPU.ActiveCfg = Release|Any CPU
		{FD88745C-B173-4D8E-9D01-FF1343D32FD5}.Release|Any CPU.Build.0 = Release|Any CPU
		{2422D701-D3FD-492F-9E29-51CDE070FF63}.Debug|Any CPU.ActiveCfg = Debug|Any CPU
		{2422D701-D3FD-492F-9E29-51CDE070FF63}.Debug|Any CPU.Build.0 = Debug|Any CPU
		{2422D701-D3FD-492F-9E29-51CDE070FF63}.Release|Any CPU.ActiveCfg = Release|Any CPU
		{2422D701-D3FD-492F-9E29-51CDE070FF63}.Release|Any CPU.Build.0 = Release|Any CPU
		{B5D46FEB-1E25-4B22-8FBA-5BE717A9D9E7}.Debug|Any CPU.ActiveCfg = Debug|Any CPU
		{B5D46FEB-1E25-4B22-8FBA-5BE717A9D9E7}.Debug|Any CPU.Build.0 = Debug|Any CPU
		{B5D46FEB-1E25-4B22-8FBA-5BE717A9D9E7}.Release|Any CPU.ActiveCfg = Release|Any CPU
		{B5D46FEB-1E25-4B22-8FBA-5BE717A9D9E7}.Release|Any CPU.Build.0 = Release|Any CPU
	EndGlobalSection
	GlobalSection(SolutionProperties) = preSolution
		HideSolutionNode = FALSE
	EndGlobalSection
	GlobalSection(NestedProjects) = preSolution
		{0CB53B90-A885-4BE1-9E2B-AC8DD6EA75F0} = {F95DC638-3BDF-4153-9133-3F6D0141F875}
		{C7D870AD-BCFA-4007-A64A-DD2F9BFC16C3} = {F95DC638-3BDF-4153-9133-3F6D0141F875}
		{6F03A818-DF78-4E24-8F2A-F8CEA07CD7A0} = {1418D1D5-43A1-44DE-A60D-40F6B2539814}
		{1D77F3A6-6B50-490F-936D-1009F57DD230} = {1418D1D5-43A1-44DE-A60D-40F6B2539814}
		{FD88745C-B173-4D8E-9D01-FF1343D32FD5} = {137F2A64-A6C1-41E5-B9DB-FAE6858C63E0}
		{2422D701-D3FD-492F-9E29-51CDE070FF63} = {137F2A64-A6C1-41E5-B9DB-FAE6858C63E0}
		{B5D46FEB-1E25-4B22-8FBA-5BE717A9D9E7} = {137F2A64-A6C1-41E5-B9DB-FAE6858C63E0}
	EndGlobalSection
	GlobalSection(ExtensibilityGlobals) = postSolution
		SolutionGuid = {7E1712F3-4144-4323-A6D9-B2DE00972A63}
	EndGlobalSection
EndGlobal
